
Microsoft Visual Studio Solution File, Format Version 12.00
# Visual Studio Version 17
VisualStudioVersion = 17.0.32112.339
MinimumVisualStudioVersion = 10.0.40219.1
Project("{FAE04EC0-301F-11D3-BF4B-00C04F79EFBC}") = "OL4", "OL4\OL4.csproj", "{EA155252-4BC8-4036-A2E7-D960AD28078A}"
EndProject
Global
	GlobalSection(SolutionConfigurationPlatforms) = preSolution
		Debug|Any CPU = Debug|Any CPU
		Release|Any CPU = Release|Any CPU
	EndGlobalSection
	GlobalSection(ProjectConfigurationPlatforms) = postSolution
		{EA155252-4BC8-4036-A2E7-D960AD28078A}.Debug|Any CPU.ActiveCfg = Debug|Any CPU
		{EA155252-4BC8-4036-A2E7-D960AD28078A}.Debug|Any CPU.Build.0 = Debug|Any CPU
		{EA155252-4BC8-4036-A2E7-D960AD28078A}.Release|Any CPU.ActiveCfg = Release|Any CPU
		{EA155252-4BC8-4036-A2E7-D960AD28078A}.Release|Any CPU.Build.0 = Release|Any CPU
	EndGlobalSection
	GlobalSection(SolutionProperties) = preSolution
		HideSolutionNode = FALSE
	EndGlobalSection
	GlobalSection(ExtensibilityGlobals) = postSolution
		SolutionGuid = {05F0E6DA-13A7-4779-A3E1-29E38A052A46}
	EndGlobalSection
EndGlobal
