
Microsoft Visual Studio Solution File, Format Version 12.00
# Visual Studio Version 17
VisualStudioVersion = 17.0.32112.339
MinimumVisualStudioVersion = 10.0.40219.1
Project("{FAE04EC0-301F-11D3-BF4B-00C04F79EFBC}") = "BaiTapKeThua", "BaiTapKeThua\BaiTapKeThua.csproj", "{40AF06F1-B373-4E5D-B60C-A80F1E669463}"
EndProject
Global
	GlobalSection(SolutionConfigurationPlatforms) = preSolution
		Debug|Any CPU = Debug|Any CPU
		Release|Any CPU = Release|Any CPU
	EndGlobalSection
	GlobalSection(ProjectConfigurationPlatforms) = postSolution
		{40AF06F1-B373-4E5D-B60C-A80F1E669463}.Debug|Any CPU.ActiveCfg = Debug|Any CPU
		{40AF06F1-B373-4E5D-B60C-A80F1E669463}.Debug|Any CPU.Build.0 = Debug|Any CPU
		{40AF06F1-B373-4E5D-B60C-A80F1E669463}.Release|Any CPU.ActiveCfg = Release|Any CPU
		{40AF06F1-B373-4E5D-B60C-A80F1E669463}.Release|Any CPU.Build.0 = Release|Any CPU
	EndGlobalSection
	GlobalSection(SolutionProperties) = preSolution
		HideSolutionNode = FALSE
	EndGlobalSection
	GlobalSection(ExtensibilityGlobals) = postSolution
		SolutionGuid = {DE0BF74B-40A6-44A9-9CB6-806601D6C985}
	EndGlobalSection
EndGlobal
