
Microsoft Visual Studio Solution File, Format Version 12.00
# Visual Studio Version 17
VisualStudioVersion = 17.0.32112.339
MinimumVisualStudioVersion = 10.0.40219.1
Project("{FAE04EC0-301F-11D3-BF4B-00C04F79EFBC}") = "NguyenHuuHuan", "NguyenHuuHuan\NguyenHuuHuan.csproj", "{014376F3-0E23-40C8-85E2-4951DBEAD652}"
EndProject
Global
	GlobalSection(SolutionConfigurationPlatforms) = preSolution
		Debug|Any CPU = Debug|Any CPU
		Release|Any CPU = Release|Any CPU
	EndGlobalSection
	GlobalSection(ProjectConfigurationPlatforms) = postSolution
		{014376F3-0E23-40C8-85E2-4951DBEAD652}.Debug|Any CPU.ActiveCfg = Debug|Any CPU
		{014376F3-0E23-40C8-85E2-4951DBEAD652}.Debug|Any CPU.Build.0 = Debug|Any CPU
		{014376F3-0E23-40C8-85E2-4951DBEAD652}.Release|Any CPU.ActiveCfg = Release|Any CPU
		{014376F3-0E23-40C8-85E2-4951DBEAD652}.Release|Any CPU.Build.0 = Release|Any CPU
	EndGlobalSection
	GlobalSection(SolutionProperties) = preSolution
		HideSolutionNode = FALSE
	EndGlobalSection
	GlobalSection(ExtensibilityGlobals) = postSolution
		SolutionGuid = {D4ED6914-53A9-45C0-B740-9608C544AD2B}
	EndGlobalSection
EndGlobal
